
Microsoft Visual Studio Solution File, Format Version 12.00
# Visual Studio 15
VisualStudioVersion = 15.0.28010.2046
MinimumVisualStudioVersion = 10.0.40219.1
Project("{FAE04EC0-301F-11D3-BF4B-00C04F79EFBC}") = "lianxi7", "lianxi7\lianxi7.csproj", "{0FE31BFC-E81D-4738-8101-F37C2B125163}"
EndProject
Global
	GlobalSection(SolutionConfigurationPlatforms) = preSolution
		Debug|Any CPU = Debug|Any CPU
		Release|Any CPU = Release|Any CPU
	EndGlobalSection
	GlobalSection(ProjectConfigurationPlatforms) = postSolution
		{0FE31BFC-E81D-4738-8101-F37C2B125163}.Debug|Any CPU.ActiveCfg = Debug|Any CPU
		{0FE31BFC-E81D-4738-8101-F37C2B125163}.Debug|Any CPU.Build.0 = Debug|Any CPU
		{0FE31BFC-E81D-4738-8101-F37C2B125163}.Release|Any CPU.ActiveCfg = Release|Any CPU
		{0FE31BFC-E81D-4738-8101-F37C2B125163}.Release|Any CPU.Build.0 = Release|Any CPU
	EndGlobalSection
	GlobalSection(SolutionProperties) = preSolution
		HideSolutionNode = FALSE
	EndGlobalSection
	GlobalSection(ExtensibilityGlobals) = postSolution
		SolutionGuid = {5C479AA8-8FA5-4AC7-8AA6-000EBBA4E647}
	EndGlobalSection
EndGlobal
